
Microsoft Visual Studio Solution File, Format Version 12.00
# Visual Studio Version 16
VisualStudioVersion = 16.0.31829.152
MinimumVisualStudioVersion = 10.0.40219.1
Project("{9A19103F-16F7-4668-BE54-9A1E7A4F7556}") = "InMemoryApp.Web", "InMemoryApp.Web\InMemoryApp.Web.csproj", "{6415B5A0-E235-4976-BCCA-91C1E8449B59}"
EndProject
Project("{FAE04EC0-301F-11D3-BF4B-00C04F79EFBC}") = "IDistributedCacheRedisApp.Web", "IDistributedCacheRedisApp.Web\IDistributedCacheRedisApp.Web.csproj", "{95ED4647-4DDF-48B3-9F11-6EE9EA8D637C}"
EndProject
Project("{FAE04EC0-301F-11D3-BF4B-00C04F79EFBC}") = "RedisExchangeAPI.Web", "RedisExchangeAPI.Web\RedisExchangeAPI.Web.csproj", "{3EA7A2D3-3787-4053-BD5D-0818CC1AB3C6}"
EndProject
Global
	GlobalSection(SolutionConfigurationPlatforms) = preSolution
		Debug|Any CPU = Debug|Any CPU
		Release|Any CPU = Release|Any CPU
	EndGlobalSection
	GlobalSection(ProjectConfigurationPlatforms) = postSolution
		{6415B5A0-E235-4976-BCCA-91C1E8449B59}.Debug|Any CPU.ActiveCfg = Debug|Any CPU
		{6415B5A0-E235-4976-BCCA-91C1E8449B59}.Debug|Any CPU.Build.0 = Debug|Any CPU
		{6415B5A0-E235-4976-BCCA-91C1E8449B59}.Release|Any CPU.ActiveCfg = Release|Any CPU
		{6415B5A0-E235-4976-BCCA-91C1E8449B59}.Release|Any CPU.Build.0 = Release|Any CPU
		{95ED4647-4DDF-48B3-9F11-6EE9EA8D637C}.Debug|Any CPU.ActiveCfg = Debug|Any CPU
		{95ED4647-4DDF-48B3-9F11-6EE9EA8D637C}.Debug|Any CPU.Build.0 = Debug|Any CPU
		{95ED4647-4DDF-48B3-9F11-6EE9EA8D637C}.Release|Any CPU.ActiveCfg = Release|Any CPU
		{95ED4647-4DDF-48B3-9F11-6EE9EA8D637C}.Release|Any CPU.Build.0 = Release|Any CPU
		{3EA7A2D3-3787-4053-BD5D-0818CC1AB3C6}.Debug|Any CPU.ActiveCfg = Debug|Any CPU
		{3EA7A2D3-3787-4053-BD5D-0818CC1AB3C6}.Debug|Any CPU.Build.0 = Debug|Any CPU
		{3EA7A2D3-3787-4053-BD5D-0818CC1AB3C6}.Release|Any CPU.ActiveCfg = Release|Any CPU
		{3EA7A2D3-3787-4053-BD5D-0818CC1AB3C6}.Release|Any CPU.Build.0 = Release|Any CPU
	EndGlobalSection
	GlobalSection(SolutionProperties) = preSolution
		HideSolutionNode = FALSE
	EndGlobalSection
	GlobalSection(ExtensibilityGlobals) = postSolution
		SolutionGuid = {BB8355A0-BB0E-448B-A35B-DB7CE49104E2}
	EndGlobalSection
EndGlobal
